
Microsoft Visual Studio Solution File, Format Version 12.00
Project("{FAE04EC0-301F-11D3-BF4B-00C04F79EFBC}") = "ATMApp", "ATMApp\ATMApp.csproj", "{75C35779-204F-404F-8214-18A2EE0CE567}"
EndProject
Project("{FAE04EC0-301F-11D3-BF4B-00C04F79EFBC}") = "GraphQlAPI", "GraphQlAPI\GraphQlAPI.csproj", "{C7B101BF-4DD1-4ACA-ADA9-383ABCB43957}"
EndProject
Global
	GlobalSection(SolutionConfigurationPlatforms) = preSolution
		Debug|Any CPU = Debug|Any CPU
		Release|Any CPU = Release|Any CPU
	EndGlobalSection
	GlobalSection(ProjectConfigurationPlatforms) = postSolution
		{75C35779-204F-404F-8214-18A2EE0CE567}.Debug|Any CPU.ActiveCfg = Debug|Any CPU
		{75C35779-204F-404F-8214-18A2EE0CE567}.Debug|Any CPU.Build.0 = Debug|Any CPU
		{75C35779-204F-404F-8214-18A2EE0CE567}.Release|Any CPU.ActiveCfg = Release|Any CPU
		{75C35779-204F-404F-8214-18A2EE0CE567}.Release|Any CPU.Build.0 = Release|Any CPU
		{C7B101BF-4DD1-4ACA-ADA9-383ABCB43957}.Debug|Any CPU.ActiveCfg = Debug|Any CPU
		{C7B101BF-4DD1-4ACA-ADA9-383ABCB43957}.Debug|Any CPU.Build.0 = Debug|Any CPU
		{C7B101BF-4DD1-4ACA-ADA9-383ABCB43957}.Release|Any CPU.ActiveCfg = Release|Any CPU
		{C7B101BF-4DD1-4ACA-ADA9-383ABCB43957}.Release|Any CPU.Build.0 = Release|Any CPU
	EndGlobalSection
EndGlobal
